// !$*UTF8*$!
{
	archiveVersion = 1;
	classes = {
	};
	objectVersion = 46;
	objects = {

/* Begin PBXBuildFile section */
		7A69F2F51526030F35092303 /* Pods_StudentsWhoCareAppTests.framework in Frameworks */ = {isa = PBXBuildFile; fileRef = F44F828AC91B6AB1F5804C44 /* Pods_StudentsWhoCareAppTests.framework */; };
		B3536C97E87E7DEE92CA7DD7 /* Pods_StudentsWhoCareAppUITests.framework in Frameworks */ = {isa = PBXBuildFile; fileRef = 26601527BE2B474B8146EF41 /* Pods_StudentsWhoCareAppUITests.framework */; };
		D0D8D8C3181A2F2165E85DBB /* Pods_StudentsWhoCareApp.framework in Frameworks */ = {isa = PBXBuildFile; fileRef = 7321D494869567D10EC92E33 /* Pods_StudentsWhoCareApp.framework */; };
		E40109201F71C9980054E9E6 /* AppDelegate.swift in Sources */ = {isa = PBXBuildFile; fileRef = E401091F1F71C9980054E9E6 /* AppDelegate.swift */; };
		E40109221F71C9980054E9E6 /* ViewController.swift in Sources */ = {isa = PBXBuildFile; fileRef = E40109211F71C9980054E9E6 /* ViewController.swift */; };
		E40109251F71C9980054E9E6 /* Main.storyboard in Resources */ = {isa = PBXBuildFile; fileRef = E40109231F71C9980054E9E6 /* Main.storyboard */; };
		E40109271F71C9980054E9E6 /* Assets.xcassets in Resources */ = {isa = PBXBuildFile; fileRef = E40109261F71C9980054E9E6 /* Assets.xcassets */; };
		E401092A1F71C9980054E9E6 /* LaunchScreen.storyboard in Resources */ = {isa = PBXBuildFile; fileRef = E40109281F71C9980054E9E6 /* LaunchScreen.storyboard */; };
		E40109351F71C9980054E9E6 /* StudentsWhoCareAppTests.swift in Sources */ = {isa = PBXBuildFile; fileRef = E40109341F71C9980054E9E6 /* StudentsWhoCareAppTests.swift */; };
		E40109401F71C9980054E9E6 /* StudentsWhoCareAppUITests.swift in Sources */ = {isa = PBXBuildFile; fileRef = E401093F1F71C9980054E9E6 /* StudentsWhoCareAppUITests.swift */; };
		E401094E1F71CB6A0054E9E6 /* FadingBlueBack.jpeg in Resources */ = {isa = PBXBuildFile; fileRef = E401094D1F71CB6A0054E9E6 /* FadingBlueBack.jpeg */; };
		E42D303C1FC2174E0085EC02 /* ViewControllerForAdminPanel.swift in Sources */ = {isa = PBXBuildFile; fileRef = E42D303B1FC2174E0085EC02 /* ViewControllerForAdminPanel.swift */; };
		E42D303E1FC21BBC0085EC02 /* Capital.swift in Sources */ = {isa = PBXBuildFile; fileRef = E42D303D1FC21BBC0085EC02 /* Capital.swift */; };
		E42D30401FC2803E0085EC02 /* VideoCell.swift in Sources */ = {isa = PBXBuildFile; fileRef = E42D303F1FC2803E0085EC02 /* VideoCell.swift */; };
		E431FA491F74AF9200C19574 /* BlueCircle.png in Resources */ = {isa = PBXBuildFile; fileRef = E431FA481F74AF9200C19574 /* BlueCircle.png */; };
		E431FA4B1F74B01800C19574 /* T-Shirt.jpg in Resources */ = {isa = PBXBuildFile; fileRef = E431FA4A1F74B01800C19574 /* T-Shirt.jpg */; };
		E431FA4D1F74B20C00C19574 /* CurvedBar.png in Resources */ = {isa = PBXBuildFile; fileRef = E431FA4C1F74B20C00C19574 /* CurvedBar.png */; };
		E431FA511F74B55000C19574 /* BlueCircleOutline.png in Resources */ = {isa = PBXBuildFile; fileRef = E431FA501F74B55000C19574 /* BlueCircleOutline.png */; };
		E431FA531F74B69900C19574 /* AdminLogo.png in Resources */ = {isa = PBXBuildFile; fileRef = E431FA521F74B69900C19574 /* AdminLogo.png */; };
		E431FA551F75B8D300C19574 /* GoogleService-Info.plist in Resources */ = {isa = PBXBuildFile; fileRef = E431FA541F75B8D300C19574 /* GoogleService-Info.plist */; };
		E431FA561F75B98E00C19574 /* GoogleService-Info.plist in Resources */ = {isa = PBXBuildFile; fileRef = E431FA541F75B8D300C19574 /* GoogleService-Info.plist */; };
		E431FA571F75B98E00C19574 /* GoogleService-Info.plist in Resources */ = {isa = PBXBuildFile; fileRef = E431FA541F75B8D300C19574 /* GoogleService-Info.plist */; };
		E431FA591F75C26200C19574 /* ViewControllerForShippingInfo.swift in Sources */ = {isa = PBXBuildFile; fileRef = E431FA581F75C26200C19574 /* ViewControllerForShippingInfo.swift */; };
		E455E29C1FC34FEF00C8A204 /* reloadbutton.png in Resources */ = {isa = PBXBuildFile; fileRef = E455E29B1FC34FEE00C8A204 /* reloadbutton.png */; };
		E49BBB191FC48C9800149651 /* ViewControllerForInfo.swift in Sources */ = {isa = PBXBuildFile; fileRef = E49BBB181FC48C9800149651 /* ViewControllerForInfo.swift */; };
		E49E47ED1FAE433E00A3B411 /* UIView.swift in Sources */ = {isa = PBXBuildFile; fileRef = E49E47EC1FAE433E00A3B411 /* UIView.swift */; };
/* End PBXBuildFile section */

/* Begin PBXContainerItemProxy section */
		E40109311F71C9980054E9E6 /* PBXContainerItemProxy */ = {
			isa = PBXContainerItemProxy;
			containerPortal = E40109141F71C9980054E9E6 /* Project object */;
			proxyType = 1;
			remoteGlobalIDString = E401091B1F71C9980054E9E6;
			remoteInfo = StudentsWhoCareApp;
		};
		E401093C1F71C9980054E9E6 /* PBXContainerItemProxy */ = {
			isa = PBXContainerItemProxy;
			containerPortal = E40109141F71C9980054E9E6 /* Project object */;
			proxyType = 1;
			remoteGlobalIDString = E401091B1F71C9980054E9E6;
			remoteInfo = StudentsWhoCareApp;
		};
/* End PBXContainerItemProxy section */

/* Begin PBXFileReference section */
		007D15D385DEB0602B87D230 /* Pods-StudentsWhoCareAppUITests.release.xcconfig */ = {isa = PBXFileReference; includeInIndex = 1; lastKnownFileType = text.xcconfig; name = "Pods-StudentsWhoCareAppUITests.release.xcconfig"; path = "Pods/Target Support Files/Pods-StudentsWhoCareAppUITests/Pods-StudentsWhoCareAppUITests.release.xcconfig"; sourceTree = "<group>"; };
		17CD2719982C58C0FE55A292 /* Pods-StudentsWhoCareAppTests.debug.xcconfig */ = {isa = PBXFileReference; includeInIndex = 1; lastKnownFileType = text.xcconfig; name = "Pods-StudentsWhoCareAppTests.debug.xcconfig"; path = "Pods/Target Support Files/Pods-StudentsWhoCareAppTests/Pods-StudentsWhoCareAppTests.debug.xcconfig"; sourceTree = "<group>"; };
		19F9DE507C8D5ABB40D1BA26 /* Pods-StudentsWhoCareApp.debug.xcconfig */ = {isa = PBXFileReference; includeInIndex = 1; lastKnownFileType = text.xcconfig; name = "Pods-StudentsWhoCareApp.debug.xcconfig"; path = "Pods/Target Support Files/Pods-StudentsWhoCareApp/Pods-StudentsWhoCareApp.debug.xcconfig"; sourceTree = "<group>"; };
		26601527BE2B474B8146EF41 /* Pods_StudentsWhoCareAppUITests.framework */ = {isa = PBXFileReference; explicitFileType = wrapper.framework; includeInIndex = 0; path = Pods_StudentsWhoCareAppUITests.framework; sourceTree = BUILT_PRODUCTS_DIR; };
		7321D494869567D10EC92E33 /* Pods_StudentsWhoCareApp.framework */ = {isa = PBXFileReference; explicitFileType = wrapper.framework; includeInIndex = 0; path = Pods_StudentsWhoCareApp.framework; sourceTree = BUILT_PRODUCTS_DIR; };
		89A44C4ED4C48F4CF0EB5B89 /* Pods-StudentsWhoCareAppUITests.debug.xcconfig */ = {isa = PBXFileReference; includeInIndex = 1; lastKnownFileType = text.xcconfig; name = "Pods-StudentsWhoCareAppUITests.debug.xcconfig"; path = "Pods/Target Support Files/Pods-StudentsWhoCareAppUITests/Pods-StudentsWhoCareAppUITests.debug.xcconfig"; sourceTree = "<group>"; };
		8BCDCB5E4E93F7733C8B75A5 /* Pods-StudentsWhoCareAppTests.release.xcconfig */ = {isa = PBXFileReference; includeInIndex = 1; lastKnownFileType = text.xcconfig; name = "Pods-StudentsWhoCareAppTests.release.xcconfig"; path = "Pods/Target Support Files/Pods-StudentsWhoCareAppTests/Pods-StudentsWhoCareAppTests.release.xcconfig"; sourceTree = "<group>"; };
		E401091C1F71C9980054E9E6 /* StudentsWhoCareApp.app */ = {isa = PBXFileReference; explicitFileType = wrapper.application; includeInIndex = 0; path = StudentsWhoCareApp.app; sourceTree = BUILT_PRODUCTS_DIR; };
		E401091F1F71C9980054E9E6 /* AppDelegate.swift */ = {isa = PBXFileReference; lastKnownFileType = sourcecode.swift; path = AppDelegate.swift; sourceTree = "<group>"; };
		E40109211F71C9980054E9E6 /* ViewController.swift */ = {isa = PBXFileReference; lastKnownFileType = sourcecode.swift; path = ViewController.swift; sourceTree = "<group>"; };
		E40109241F71C9980054E9E6 /* Base */ = {isa = PBXFileReference; lastKnownFileType = file.storyboard; name = Base; path = Base.lproj/Main.storyboard; sourceTree = "<group>"; };
		E40109261F71C9980054E9E6 /* Assets.xcassets */ = {isa = PBXFileReference; lastKnownFileType = folder.assetcatalog; path = Assets.xcassets; sourceTree = "<group>"; };
		E40109291F71C9980054E9E6 /* Base */ = {isa = PBXFileReference; lastKnownFileType = file.storyboard; name = Base; path = Base.lproj/LaunchScreen.storyboard; sourceTree = "<group>"; };
		E401092B1F71C9980054E9E6 /* Info.plist */ = {isa = PBXFileReference; lastKnownFileType = text.plist.xml; path = Info.plist; sourceTree = "<group>"; };
		E40109301F71C9980054E9E6 /* StudentsWhoCareAppTests.xctest */ = {isa = PBXFileReference; explicitFileType = wrapper.cfbundle; includeInIndex = 0; path = StudentsWhoCareAppTests.xctest; sourceTree = BUILT_PRODUCTS_DIR; };
		E40109341F71C9980054E9E6 /* StudentsWhoCareAppTests.swift */ = {isa = PBXFileReference; lastKnownFileType = sourcecode.swift; path = StudentsWhoCareAppTests.swift; sourceTree = "<group>"; };
		E40109361F71C9980054E9E6 /* Info.plist */ = {isa = PBXFileReference; lastKnownFileType = text.plist.xml; path = Info.plist; sourceTree = "<group>"; };
		E401093B1F71C9980054E9E6 /* StudentsWhoCareAppUITests.xctest */ = {isa = PBXFileReference; explicitFileType = wrapper.cfbundle; includeInIndex = 0; path = StudentsWhoCareAppUITests.xctest; sourceTree = BUILT_PRODUCTS_DIR; };
		E401093F1F71C9980054E9E6 /* StudentsWhoCareAppUITests.swift */ = {isa = PBXFileReference; lastKnownFileType = sourcecode.swift; path = StudentsWhoCareAppUITests.swift; sourceTree = "<group>"; };
		E40109411F71C9980054E9E6 /* Info.plist */ = {isa = PBXFileReference; lastKnownFileType = text.plist.xml; path = Info.plist; sourceTree = "<group>"; };
		E401094D1F71CB6A0054E9E6 /* FadingBlueBack.jpeg */ = {isa = PBXFileReference; lastKnownFileType = image.jpeg; name = FadingBlueBack.jpeg; path = ../../../../../Downloads/FadingBlueBack.jpeg; sourceTree = "<group>"; };
		E42D303B1FC2174E0085EC02 /* ViewControllerForAdminPanel.swift */ = {isa = PBXFileReference; lastKnownFileType = sourcecode.swift; path = ViewControllerForAdminPanel.swift; sourceTree = "<group>"; };
		E42D303D1FC21BBC0085EC02 /* Capital.swift */ = {isa = PBXFileReference; lastKnownFileType = sourcecode.swift; path = Capital.swift; sourceTree = "<group>"; };
		E42D303F1FC2803E0085EC02 /* VideoCell.swift */ = {isa = PBXFileReference; fileEncoding = 4; lastKnownFileType = sourcecode.swift; name = VideoCell.swift; path = ../../../../../Downloads/VideoCell.swift; sourceTree = "<group>"; };
		E431FA481F74AF9200C19574 /* BlueCircle.png */ = {isa = PBXFileReference; lastKnownFileType = image.png; name = BlueCircle.png; path = ../../../../../Downloads/BlueCircle.png; sourceTree = "<group>"; };
		E431FA4A1F74B01800C19574 /* T-Shirt.jpg */ = {isa = PBXFileReference; lastKnownFileType = image.jpeg; name = "T-Shirt.jpg"; path = "../../../../../Downloads/T-Shirt.jpg"; sourceTree = "<group>"; };
		E431FA4C1F74B20C00C19574 /* CurvedBar.png */ = {isa = PBXFileReference; lastKnownFileType = image.png; name = CurvedBar.png; path = ../../../../../Downloads/CurvedBar.png; sourceTree = "<group>"; };
		E431FA501F74B55000C19574 /* BlueCircleOutline.png */ = {isa = PBXFileReference; lastKnownFileType = image.png; name = BlueCircleOutline.png; path = ../../../../../Downloads/BlueCircleOutline.png; sourceTree = "<group>"; };
		E431FA521F74B69900C19574 /* AdminLogo.png */ = {isa = PBXFileReference; lastKnownFileType = image.png; name = AdminLogo.png; path = ../../../../../Downloads/AdminLogo.png; sourceTree = "<group>"; };
		E431FA541F75B8D300C19574 /* GoogleService-Info.plist */ = {isa = PBXFileReference; fileEncoding = 4; lastKnownFileType = text.plist.xml; name = "GoogleService-Info.plist"; path = "../../../../../Downloads/GoogleService-Info.plist"; sourceTree = "<group>"; };
		E431FA581F75C26200C19574 /* ViewControllerForShippingInfo.swift */ = {isa = PBXFileReference; fileEncoding = 4; lastKnownFileType = sourcecode.swift; path = ViewControllerForShippingInfo.swift; sourceTree = "<group>"; };
		E455E29B1FC34FEE00C8A204 /* reloadbutton.png */ = {isa = PBXFileReference; lastKnownFileType = image.png; name = reloadbutton.png; path = ../../../../../Downloads/reloadbutton.png; sourceTree = "<group>"; };
		E49BBB181FC48C9800149651 /* ViewControllerForInfo.swift */ = {isa = PBXFileReference; fileEncoding = 4; lastKnownFileType = sourcecode.swift; path = ViewControllerForInfo.swift; sourceTree = "<group>"; };
		E49E47EC1FAE433E00A3B411 /* UIView.swift */ = {isa = PBXFileReference; lastKnownFileType = sourcecode.swift; path = UIView.swift; sourceTree = "<group>"; };
		E80A3644AB15AC53DB08B04E /* Pods-StudentsWhoCareApp.release.xcconfig */ = {isa = PBXFileReference; includeInIndex = 1; lastKnownFileType = text.xcconfig; name = "Pods-StudentsWhoCareApp.release.xcconfig"; path = "Pods/Target Support Files/Pods-StudentsWhoCareApp/Pods-StudentsWhoCareApp.release.xcconfig"; sourceTree = "<group>"; };
		F44F828AC91B6AB1F5804C44 /* Pods_StudentsWhoCareAppTests.framework */ = {isa = PBXFileReference; explicitFileType = wrapper.framework; includeInIndex = 0; path = Pods_StudentsWhoCareAppTests.framework; sourceTree = BUILT_PRODUCTS_DIR; };
/* End PBXFileReference section */

/* Begin PBXFrameworksBuildPhase section */
		E40109191F71C9980054E9E6 /* Frameworks */ = {
			isa = PBXFrameworksBuildPhase;
			buildActionMask = 2147483647;
			files = (
				D0D8D8C3181A2F2165E85DBB /* Pods_StudentsWhoCareApp.framework in Frameworks */,
			);
			runOnlyForDeploymentPostprocessing = 0;
		};
		E401092D1F71C9980054E9E6 /* Frameworks */ = {
			isa = PBXFrameworksBuildPhase;
			buildActionMask = 2147483647;
			files = (
				7A69F2F51526030F35092303 /* Pods_StudentsWhoCareAppTests.framework in Frameworks */,
			);
			runOnlyForDeploymentPostprocessing = 0;
		};
		E40109381F71C9980054E9E6 /* Frameworks */ = {
			isa = PBXFrameworksBuildPhase;
			buildActionMask = 2147483647;
			files = (
				B3536C97E87E7DEE92CA7DD7 /* Pods_StudentsWhoCareAppUITests.framework in Frameworks */,
			);
			runOnlyForDeploymentPostprocessing = 0;
		};
/* End PBXFrameworksBuildPhase section */

/* Begin PBXGroup section */
		7C6E23FDF2B58BE55E695C96 /* Pods */ = {
			isa = PBXGroup;
			children = (
				19F9DE507C8D5ABB40D1BA26 /* Pods-StudentsWhoCareApp.debug.xcconfig */,
				E80A3644AB15AC53DB08B04E /* Pods-StudentsWhoCareApp.release.xcconfig */,
				17CD2719982C58C0FE55A292 /* Pods-StudentsWhoCareAppTests.debug.xcconfig */,
				8BCDCB5E4E93F7733C8B75A5 /* Pods-StudentsWhoCareAppTests.release.xcconfig */,
				89A44C4ED4C48F4CF0EB5B89 /* Pods-StudentsWhoCareAppUITests.debug.xcconfig */,
				007D15D385DEB0602B87D230 /* Pods-StudentsWhoCareAppUITests.release.xcconfig */,
			);
			name = Pods;
			sourceTree = "<group>";
		};
		E40109131F71C9980054E9E6 = {
			isa = PBXGroup;
			children = (
				E401091E1F71C9980054E9E6 /* StudentsWhoCareApp */,
				E40109331F71C9980054E9E6 /* StudentsWhoCareAppTests */,
				E401093E1F71C9980054E9E6 /* StudentsWhoCareAppUITests */,
				E401091D1F71C9980054E9E6 /* Products */,
				7C6E23FDF2B58BE55E695C96 /* Pods */,
				EE891FF68FA9A821C8A9E9D9 /* Frameworks */,
			);
			sourceTree = "<group>";
		};
		E401091D1F71C9980054E9E6 /* Products */ = {
			isa = PBXGroup;
			children = (
				E401091C1F71C9980054E9E6 /* StudentsWhoCareApp.app */,
				E40109301F71C9980054E9E6 /* StudentsWhoCareAppTests.xctest */,
				E401093B1F71C9980054E9E6 /* StudentsWhoCareAppUITests.xctest */,
			);
			name = Products;
			sourceTree = "<group>";
		};
		E401091E1F71C9980054E9E6 /* StudentsWhoCareApp */ = {
			isa = PBXGroup;
			children = (
				E401091F1F71C9980054E9E6 /* AppDelegate.swift */,
				E40109211F71C9980054E9E6 /* ViewController.swift */,
				E49E47EC1FAE433E00A3B411 /* UIView.swift */,
				E40109231F71C9980054E9E6 /* Main.storyboard */,
				E40109261F71C9980054E9E6 /* Assets.xcassets */,
				E40109281F71C9980054E9E6 /* LaunchScreen.storyboard */,
				E401092B1F71C9980054E9E6 /* Info.plist */,
				E431FA541F75B8D300C19574 /* GoogleService-Info.plist */,
				E401094D1F71CB6A0054E9E6 /* FadingBlueBack.jpeg */,
				E431FA481F74AF9200C19574 /* BlueCircle.png */,
				E431FA4C1F74B20C00C19574 /* CurvedBar.png */,
				E431FA4A1F74B01800C19574 /* T-Shirt.jpg */,
				E431FA521F74B69900C19574 /* AdminLogo.png */,
				E431FA581F75C26200C19574 /* ViewControllerForShippingInfo.swift */,
				E42D303F1FC2803E0085EC02 /* VideoCell.swift */,
				E42D303B1FC2174E0085EC02 /* ViewControllerForAdminPanel.swift */,
				E49BBB181FC48C9800149651 /* ViewControllerForInfo.swift */,
				E42D303D1FC21BBC0085EC02 /* Capital.swift */,
				E431FA501F74B55000C19574 /* BlueCircleOutline.png */,
				E455E29B1FC34FEE00C8A204 /* reloadbutton.png */,
			);
			path = StudentsWhoCareApp;
			sourceTree = "<group>";
		};
		E40109331F71C9980054E9E6 /* StudentsWhoCareAppTests */ = {
			isa = PBXGroup;
			children = (
				E40109341F71C9980054E9E6 /* StudentsWhoCareAppTests.swift */,
				E40109361F71C9980054E9E6 /* Info.plist */,
			);
			path = StudentsWhoCareAppTests;
			sourceTree = "<group>";
		};
		E401093E1F71C9980054E9E6 /* StudentsWhoCareAppUITests */ = {
			isa = PBXGroup;
			children = (
				E401093F1F71C9980054E9E6 /* StudentsWhoCareAppUITests.swift */,
				E40109411F71C9980054E9E6 /* Info.plist */,
			);
			path = StudentsWhoCareAppUITests;
			sourceTree = "<group>";
		};
		EE891FF68FA9A821C8A9E9D9 /* Frameworks */ = {
			isa = PBXGroup;
			children = (
				7321D494869567D10EC92E33 /* Pods_StudentsWhoCareApp.framework */,
				F44F828AC91B6AB1F5804C44 /* Pods_StudentsWhoCareAppTests.framework */,
				26601527BE2B474B8146EF41 /* Pods_StudentsWhoCareAppUITests.framework */,
			);
			name = Frameworks;
			sourceTree = "<group>";
		};
/* End PBXGroup section */

/* Begin PBXNativeTarget section */
		E401091B1F71C9980054E9E6 /* StudentsWhoCareApp */ = {
			isa = PBXNativeTarget;
			buildConfigurationList = E40109441F71C9980054E9E6 /* Build configuration list for PBXNativeTarget "StudentsWhoCareApp" */;
			buildPhases = (
				FB883C22DDB9C0DE4842D403 /* [CP] Check Pods Manifest.lock */,
				E40109181F71C9980054E9E6 /* Sources */,
				E40109191F71C9980054E9E6 /* Frameworks */,
				E401091A1F71C9980054E9E6 /* Resources */,
				DDF065BDE13A516DB37E4F91 /* [CP] Embed Pods Frameworks */,
				D74B86C2229DFE73FC1807AD /* [CP] Copy Pods Resources */,
			);
			buildRules = (
			);
			dependencies = (
			);
			name = StudentsWhoCareApp;
			productName = StudentsWhoCareApp;
			productReference = E401091C1F71C9980054E9E6 /* StudentsWhoCareApp.app */;
			productType = "com.apple.product-type.application";
		};
		E401092F1F71C9980054E9E6 /* StudentsWhoCareAppTests */ = {
			isa = PBXNativeTarget;
			buildConfigurationList = E40109471F71C9980054E9E6 /* Build configuration list for PBXNativeTarget "StudentsWhoCareAppTests" */;
			buildPhases = (
				6E189C12297AA71E58F153E9 /* [CP] Check Pods Manifest.lock */,
				E401092C1F71C9980054E9E6 /* Sources */,
				E401092D1F71C9980054E9E6 /* Frameworks */,
				E401092E1F71C9980054E9E6 /* Resources */,
				361E65E0B4C4BB6C3AD06491 /* [CP] Embed Pods Frameworks */,
				6381F94136C978FBF6A3B6B6 /* [CP] Copy Pods Resources */,
			);
			buildRules = (
			);
			dependencies = (
				E40109321F71C9980054E9E6 /* PBXTargetDependency */,
			);
			name = StudentsWhoCareAppTests;
			productName = StudentsWhoCareAppTests;
			productReference = E40109301F71C9980054E9E6 /* StudentsWhoCareAppTests.xctest */;
			productType = "com.apple.product-type.bundle.unit-test";
		};
		E401093A1F71C9980054E9E6 /* StudentsWhoCareAppUITests */ = {
			isa = PBXNativeTarget;
			buildConfigurationList = E401094A1F71C9980054E9E6 /* Build configuration list for PBXNativeTarget "StudentsWhoCareAppUITests" */;
			buildPhases = (
				D1191E781C1DCD6AC3A562BD /* [CP] Check Pods Manifest.lock */,
				E40109371F71C9980054E9E6 /* Sources */,
				E40109381F71C9980054E9E6 /* Frameworks */,
				E40109391F71C9980054E9E6 /* Resources */,
				EA52142BB068BDB344050F94 /* [CP] Embed Pods Frameworks */,
				CE590384359C218CBAFFAD5C /* [CP] Copy Pods Resources */,
			);
			buildRules = (
			);
			dependencies = (
				E401093D1F71C9980054E9E6 /* PBXTargetDependency */,
			);
			name = StudentsWhoCareAppUITests;
			productName = StudentsWhoCareAppUITests;
			productReference = E401093B1F71C9980054E9E6 /* StudentsWhoCareAppUITests.xctest */;
			productType = "com.apple.product-type.bundle.ui-testing";
		};
/* End PBXNativeTarget section */

/* Begin PBXProject section */
		E40109141F71C9980054E9E6 /* Project object */ = {
			isa = PBXProject;
			attributes = {
				LastSwiftUpdateCheck = 0830;
				LastUpgradeCheck = 0830;
				ORGANIZATIONNAME = "Rahul Kumar";
				TargetAttributes = {
					E401091B1F71C9980054E9E6 = {
						CreatedOnToolsVersion = 8.3.3;
						DevelopmentTeam = FL3J93TK96;
						ProvisioningStyle = Automatic;
					};
					E401092F1F71C9980054E9E6 = {
						CreatedOnToolsVersion = 8.3.3;
						DevelopmentTeam = FL3J93TK96;
						ProvisioningStyle = Automatic;
						TestTargetID = E401091B1F71C9980054E9E6;
					};
					E401093A1F71C9980054E9E6 = {
						CreatedOnToolsVersion = 8.3.3;
						DevelopmentTeam = FL3J93TK96;
						ProvisioningStyle = Automatic;
						TestTargetID = E401091B1F71C9980054E9E6;
					};
				};
			};
			buildConfigurationList = E40109171F71C9980054E9E6 /* Build configuration list for PBXProject "StudentsWhoCareApp" */;
			compatibilityVersion = "Xcode 3.2";
			developmentRegion = English;
			hasScannedForEncodings = 0;
			knownRegions = (
				en,
				Base,
			);
			mainGroup = E40109131F71C9980054E9E6;
			productRefGroup = E401091D1F71C9980054E9E6 /* Products */;
			projectDirPath = "";
			projectRoot = "";
			targets = (
				E401091B1F71C9980054E9E6 /* StudentsWhoCareApp */,
				E401092F1F71C9980054E9E6 /* StudentsWhoCareAppTests */,
				E401093A1F71C9980054E9E6 /* StudentsWhoCareAppUITests */,
			);
		};
/* End PBXProject section */

/* Begin PBXResourcesBuildPhase section */
		E401091A1F71C9980054E9E6 /* Resources */ = {
			isa = PBXResourcesBuildPhase;
			buildActionMask = 2147483647;
			files = (
				E431FA531F74B69900C19574 /* AdminLogo.png in Resources */,
				E401092A1F71C9980054E9E6 /* LaunchScreen.storyboard in Resources */,
				E401094E1F71CB6A0054E9E6 /* FadingBlueBack.jpeg in Resources */,
				E431FA511F74B55000C19574 /* BlueCircleOutline.png in Resources */,
				E455E29C1FC34FEF00C8A204 /* reloadbutton.png in Resources */,
				E40109271F71C9980054E9E6 /* Assets.xcassets in Resources */,
				E431FA4B1F74B01800C19574 /* T-Shirt.jpg in Resources */,
				E431FA4D1F74B20C00C19574 /* CurvedBar.png in Resources */,
				E431FA551F75B8D300C19574 /* GoogleService-Info.plist in Resources */,
				E431FA491F74AF9200C19574 /* BlueCircle.png in Resources */,
				E40109251F71C9980054E9E6 /* Main.storyboard in Resources */,
			);
			runOnlyForDeploymentPostprocessing = 0;
		};
		E401092E1F71C9980054E9E6 /* Resources */ = {
			isa = PBXResourcesBuildPhase;
			buildActionMask = 2147483647;
			files = (
				E431FA561F75B98E00C19574 /* GoogleService-Info.plist in Resources */,
			);
			runOnlyForDeploymentPostprocessing = 0;
		};
		E40109391F71C9980054E9E6 /* Resources */ = {
			isa = PBXResourcesBuildPhase;
			buildActionMask = 2147483647;
			files = (
				E431FA571F75B98E00C19574 /* GoogleService-Info.plist in Resources */,
			);
			runOnlyForDeploymentPostprocessing = 0;
		};
/* End PBXResourcesBuildPhase section */

/* Begin PBXShellScriptBuildPhase section */
		361E65E0B4C4BB6C3AD06491 /* [CP] Embed Pods Frameworks */ = {
			isa = PBXShellScriptBuildPhase;
			buildActionMask = 2147483647;
			files = (
			);
			inputPaths = (
			);
			name = "[CP] Embed Pods Frameworks";
			outputPaths = (
			);
			runOnlyForDeploymentPostprocessing = 0;
			shellPath = /bin/sh;
			shellScript = "\"${SRCROOT}/Pods/Target Support Files/Pods-StudentsWhoCareAppTests/Pods-StudentsWhoCareAppTests-frameworks.sh\"\n";
			showEnvVarsInLog = 0;
		};
		6381F94136C978FBF6A3B6B6 /* [CP] Copy Pods Resources */ = {
			isa = PBXShellScriptBuildPhase;
			buildActionMask = 2147483647;
			files = (
			);
			inputPaths = (
			);
			name = "[CP] Copy Pods Resources";
			outputPaths = (
			);
			runOnlyForDeploymentPostprocessing = 0;
			shellPath = /bin/sh;
			shellScript = "\"${SRCROOT}/Pods/Target Support Files/Pods-StudentsWhoCareAppTests/Pods-StudentsWhoCareAppTests-resources.sh\"\n";
			showEnvVarsInLog = 0;
		};
		6E189C12297AA71E58F153E9 /* [CP] Check Pods Manifest.lock */ = {
			isa = PBXShellScriptBuildPhase;
			buildActionMask = 2147483647;
			files = (
			);
			inputPaths = (
				"${PODS_PODFILE_DIR_PATH}/Podfile.lock",
				"${PODS_ROOT}/Manifest.lock",
			);
			name = "[CP] Check Pods Manifest.lock";
			outputPaths = (
				"$(DERIVED_FILE_DIR)/Pods-StudentsWhoCareAppTests-checkManifestLockResult.txt",
			);
			runOnlyForDeploymentPostprocessing = 0;
			shellPath = /bin/sh;
			shellScript = "diff \"${PODS_PODFILE_DIR_PATH}/Podfile.lock\" \"${PODS_ROOT}/Manifest.lock\" > /dev/null\nif [ $? != 0 ] ; then\n    # print error to STDERR\n    echo \"error: The sandbox is not in sync with the Podfile.lock. Run 'pod install' or update your CocoaPods installation.\" >&2\n    exit 1\nfi\n# This output is used by Xcode 'outputs' to avoid re-running this script phase.\necho \"SUCCESS\" > \"${SCRIPT_OUTPUT_FILE_0}\"\n";
			showEnvVarsInLog = 0;
		};
		CE590384359C218CBAFFAD5C /* [CP] Copy Pods Resources */ = {
			isa = PBXShellScriptBuildPhase;
			buildActionMask = 2147483647;
			files = (
			);
			inputPaths = (
			);
			name = "[CP] Copy Pods Resources";
			outputPaths = (
			);
			runOnlyForDeploymentPostprocessing = 0;
			shellPath = /bin/sh;
			shellScript = "\"${SRCROOT}/Pods/Target Support Files/Pods-StudentsWhoCareAppUITests/Pods-StudentsWhoCareAppUITests-resources.sh\"\n";
			showEnvVarsInLog = 0;
		};
		D1191E781C1DCD6AC3A562BD /* [CP] Check Pods Manifest.lock */ = {
			isa = PBXShellScriptBuildPhase;
			buildActionMask = 2147483647;
			files = (
			);
			inputPaths = (
				"${PODS_PODFILE_DIR_PATH}/Podfile.lock",
				"${PODS_ROOT}/Manifest.lock",
			);
			name = "[CP] Check Pods Manifest.lock";
			outputPaths = (
				"$(DERIVED_FILE_DIR)/Pods-StudentsWhoCareAppUITests-checkManifestLockResult.txt",
			);
			runOnlyForDeploymentPostprocessing = 0;
			shellPath = /bin/sh;
			shellScript = "diff \"${PODS_PODFILE_DIR_PATH}/Podfile.lock\" \"${PODS_ROOT}/Manifest.lock\" > /dev/null\nif [ $? != 0 ] ; then\n    # print error to STDERR\n    echo \"error: The sandbox is not in sync with the Podfile.lock. Run 'pod install' or update your CocoaPods installation.\" >&2\n    exit 1\nfi\n# This output is used by Xcode 'outputs' to avoid re-running this script phase.\necho \"SUCCESS\" > \"${SCRIPT_OUTPUT_FILE_0}\"\n";
			showEnvVarsInLog = 0;
		};
		D74B86C2229DFE73FC1807AD /* [CP] Copy Pods Resources */ = {
			isa = PBXShellScriptBuildPhase;
			buildActionMask = 2147483647;
			files = (
			);
			inputPaths = (
			);
			name = "[CP] Copy Pods Resources";
			outputPaths = (
			);
			runOnlyForDeploymentPostprocessing = 0;
			shellPath = /bin/sh;
			shellScript = "\"${SRCROOT}/Pods/Target Support Files/Pods-StudentsWhoCareApp/Pods-StudentsWhoCareApp-resources.sh\"\n";
			showEnvVarsInLog = 0;
		};
		DDF065BDE13A516DB37E4F91 /* [CP] Embed Pods Frameworks */ = {
			isa = PBXShellScriptBuildPhase;
			buildActionMask = 2147483647;
			files = (
			);
			inputPaths = (
				"${SRCROOT}/Pods/Target Support Files/Pods-StudentsWhoCareApp/Pods-StudentsWhoCareApp-frameworks.sh",
				"${BUILT_PRODUCTS_DIR}/GoogleToolboxForMac/GoogleToolboxForMac.framework",
				"${BUILT_PRODUCTS_DIR}/IQKeyboardManagerSwift/IQKeyboardManagerSwift.framework",
				"${BUILT_PRODUCTS_DIR}/leveldb-library/leveldb.framework",
				"${BUILT_PRODUCTS_DIR}/nanopb/nanopb.framework",
			);
			name = "[CP] Embed Pods Frameworks";
			outputPaths = (
				"${TARGET_BUILD_DIR}/${FRAMEWORKS_FOLDER_PATH}/GoogleToolboxForMac.framework",
				"${TARGET_BUILD_DIR}/${FRAMEWORKS_FOLDER_PATH}/IQKeyboardManagerSwift.framework",
				"${TARGET_BUILD_DIR}/${FRAMEWORKS_FOLDER_PATH}/leveldb.framework",
				"${TARGET_BUILD_DIR}/${FRAMEWORKS_FOLDER_PATH}/nanopb.framework",
			);
			runOnlyForDeploymentPostprocessing = 0;
			shellPath = /bin/sh;
			shellScript = "\"${SRCROOT}/Pods/Target Support Files/Pods-StudentsWhoCareApp/Pods-StudentsWhoCareApp-frameworks.sh\"\n";
			showEnvVarsInLog = 0;
		};
		EA52142BB068BDB344050F94 /* [CP] Embed Pods Frameworks */ = {
			isa = PBXShellScriptBuildPhase;
			buildActionMask = 2147483647;
			files = (
			);
			inputPaths = (
			);
			name = "[CP] Embed Pods Frameworks";
			outputPaths = (
			);
			runOnlyForDeploymentPostprocessing = 0;
			shellPath = /bin/sh;
			shellScript = "\"${SRCROOT}/Pods/Target Support Files/Pods-StudentsWhoCareAppUITests/Pods-StudentsWhoCareAppUITests-frameworks.sh\"\n";
			showEnvVarsInLog = 0;
		};
		FB883C22DDB9C0DE4842D403 /* [CP] Check Pods Manifest.lock */ = {
			isa = PBXShellScriptBuildPhase;
			buildActionMask = 2147483647;
			files = (
			);
			inputPaths = (
				"${PODS_PODFILE_DIR_PATH}/Podfile.lock",
				"${PODS_ROOT}/Manifest.lock",
			);
			name = "[CP] Check Pods Manifest.lock";
			outputPaths = (
				"$(DERIVED_FILE_DIR)/Pods-StudentsWhoCareApp-checkManifestLockResult.txt",
			);
			runOnlyForDeploymentPostprocessing = 0;
			shellPath = /bin/sh;
			shellScript = "diff \"${PODS_PODFILE_DIR_PATH}/Podfile.lock\" \"${PODS_ROOT}/Manifest.lock\" > /dev/null\nif [ $? != 0 ] ; then\n    # print error to STDERR\n    echo \"error: The sandbox is not in sync with the Podfile.lock. Run 'pod install' or update your CocoaPods installation.\" >&2\n    exit 1\nfi\n# This output is used by Xcode 'outputs' to avoid re-running this script phase.\necho \"SUCCESS\" > \"${SCRIPT_OUTPUT_FILE_0}\"\n";
			showEnvVarsInLog = 0;
		};
/* End PBXShellScriptBuildPhase section */

/* Begin PBXSourcesBuildPhase section */
		E40109181F71C9980054E9E6 /* Sources */ = {
			isa = PBXSourcesBuildPhase;
			buildActionMask = 2147483647;
			files = (
				E49BBB191FC48C9800149651 /* ViewControllerForInfo.swift in Sources */,
				E49E47ED1FAE433E00A3B411 /* UIView.swift in Sources */,
				E42D30401FC2803E0085EC02 /* VideoCell.swift in Sources */,
				E42D303C1FC2174E0085EC02 /* ViewControllerForAdminPanel.swift in Sources */,
				E42D303E1FC21BBC0085EC02 /* Capital.swift in Sources */,
				E40109221F71C9980054E9E6 /* ViewController.swift in Sources */,
				E40109201F71C9980054E9E6 /* AppDelegate.swift in Sources */,
				E431FA591F75C26200C19574 /* ViewControllerForShippingInfo.swift in Sources */,
			);
			runOnlyForDeploymentPostprocessing = 0;
		};
		E401092C1F71C9980054E9E6 /* Sources */ = {
			isa = PBXSourcesBuildPhase;
			buildActionMask = 2147483647;
			files = (
				E40109351F71C9980054E9E6 /* StudentsWhoCareAppTests.swift in Sources */,
			);
			runOnlyForDeploymentPostprocessing = 0;
		};
		E40109371F71C9980054E9E6 /* Sources */ = {
			isa = PBXSourcesBuildPhase;
			buildActionMask = 2147483647;
			files = (
				E40109401F71C9980054E9E6 /* StudentsWhoCareAppUITests.swift in Sources */,
			);
			runOnlyForDeploymentPostprocessing = 0;
		};
/* End PBXSourcesBuildPhase section */

/* Begin PBXTargetDependency section */
		E40109321F71C9980054E9E6 /* PBXTargetDependency */ = {
			isa = PBXTargetDependency;
			target = E401091B1F71C9980054E9E6 /* StudentsWhoCareApp */;
			targetProxy = E40109311F71C9980054E9E6 /* PBXContainerItemProxy */;
		};
		E401093D1F71C9980054E9E6 /* PBXTargetDependency */ = {
			isa = PBXTargetDependency;
			target = E401091B1F71C9980054E9E6 /* StudentsWhoCareApp */;
			targetProxy = E401093C1F71C9980054E9E6 /* PBXContainerItemProxy */;
		};
/* End PBXTargetDependency section */

/* Begin PBXVariantGroup section */
		E40109231F71C9980054E9E6 /* Main.storyboard */ = {
			isa = PBXVariantGroup;
			children = (
				E40109241F71C9980054E9E6 /* Base */,
			);
			name = Main.storyboard;
			sourceTree = "<group>";
		};
		E40109281F71C9980054E9E6 /* LaunchScreen.storyboard */ = {
			isa = PBXVariantGroup;
			children = (
				E40109291F71C9980054E9E6 /* Base */,
			);
			name = LaunchScreen.storyboard;
			sourceTree = "<group>";
		};
/* End PBXVariantGroup section */

/* Begin XCBuildConfiguration section */
		E40109421F71C9980054E9E6 /* Debug */ = {
			isa = XCBuildConfiguration;
			buildSettings = {
				ALWAYS_SEARCH_USER_PATHS = NO;
				CLANG_ANALYZER_NONNULL = YES;
				CLANG_ANALYZER_NUMBER_OBJECT_CONVERSION = YES_AGGRESSIVE;
				CLANG_CXX_LANGUAGE_STANDARD = "gnu++0x";
				CLANG_CXX_LIBRARY = "libc++";
				CLANG_ENABLE_MODULES = YES;
				CLANG_ENABLE_OBJC_ARC = YES;
				CLANG_WARN_BOOL_CONVERSION = YES;
				CLANG_WARN_CONSTANT_CONVERSION = YES;
				CLANG_WARN_DIRECT_OBJC_ISA_USAGE = YES_ERROR;
				CLANG_WARN_DOCUMENTATION_COMMENTS = YES;
				CLANG_WARN_EMPTY_BODY = YES;
				CLANG_WARN_ENUM_CONVERSION = YES;
				CLANG_WARN_INFINITE_RECURSION = YES;
				CLANG_WARN_INT_CONVERSION = YES;
				CLANG_WARN_OBJC_ROOT_CLASS = YES_ERROR;
				CLANG_WARN_SUSPICIOUS_MOVE = YES;
				CLANG_WARN_UNREACHABLE_CODE = YES;
				CLANG_WARN__DUPLICATE_METHOD_MATCH = YES;
				"CODE_SIGN_IDENTITY[sdk=iphoneos*]" = "iPhone Developer";
				COPY_PHASE_STRIP = NO;
				DEBUG_INFORMATION_FORMAT = dwarf;
				ENABLE_STRICT_OBJC_MSGSEND = YES;
				ENABLE_TESTABILITY = YES;
				GCC_C_LANGUAGE_STANDARD = gnu99;
				GCC_DYNAMIC_NO_PIC = NO;
				GCC_NO_COMMON_BLOCKS = YES;
				GCC_OPTIMIZATION_LEVEL = 0;
				GCC_PREPROCESSOR_DEFINITIONS = (
					"DEBUG=1",
					"$(inherited)",
				);
				GCC_WARN_64_TO_32_BIT_CONVERSION = YES;
				GCC_WARN_ABOUT_RETURN_TYPE = YES_ERROR;
				GCC_WARN_UNDECLARED_SELECTOR = YES;
				GCC_WARN_UNINITIALIZED_AUTOS = YES_AGGRESSIVE;
				GCC_WARN_UNUSED_FUNCTION = YES;
				GCC_WARN_UNUSED_VARIABLE = YES;
				IPHONEOS_DEPLOYMENT_TARGET = 10.3;
				MTL_ENABLE_DEBUG_INFO = YES;
				ONLY_ACTIVE_ARCH = YES;
				SDKROOT = iphoneos;
				SWIFT_ACTIVE_COMPILATION_CONDITIONS = DEBUG;
				SWIFT_OPTIMIZATION_LEVEL = "-Onone";
			};
			name = Debug;
		};
		E40109431F71C9980054E9E6 /* Release */ = {
			isa = XCBuildConfiguration;
			buildSettings = {
				ALWAYS_SEARCH_USER_PATHS = NO;
				CLANG_ANALYZER_NONNULL = YES;
				CLANG_ANALYZER_NUMBER_OBJECT_CONVERSION = YES_AGGRESSIVE;
				CLANG_CXX_LANGUAGE_STANDARD = "gnu++0x";
				CLANG_CXX_LIBRARY = "libc++";
				CLANG_ENABLE_MODULES = YES;
				CLANG_ENABLE_OBJC_ARC = YES;
				CLANG_WARN_BOOL_CONVERSION = YES;
				CLANG_WARN_CONSTANT_CONVERSION = YES;
				CLANG_WARN_DIRECT_OBJC_ISA_USAGE = YES_ERROR;
				CLANG_WARN_DOCUMENTATION_COMMENTS = YES;
				CLANG_WARN_EMPTY_BODY = YES;
				CLANG_WARN_ENUM_CONVERSION = YES;
				CLANG_WARN_INFINITE_RECURSION = YES;
				CLANG_WARN_INT_CONVERSION = YES;
				CLANG_WARN_OBJC_ROOT_CLASS = YES_ERROR;
				CLANG_WARN_SUSPICIOUS_MOVE = YES;
				CLANG_WARN_UNREACHABLE_CODE = YES;
				CLANG_WARN__DUPLICATE_METHOD_MATCH = YES;
				"CODE_SIGN_IDENTITY[sdk=iphoneos*]" = "iPhone Developer";
				COPY_PHASE_STRIP = NO;
				DEBUG_INFORMATION_FORMAT = "dwarf-with-dsym";
				ENABLE_NS_ASSERTIONS = NO;
				ENABLE_STRICT_OBJC_MSGSEND = YES;
				GCC_C_LANGUAGE_STANDARD = gnu99;
				GCC_NO_COMMON_BLOCKS = YES;
				GCC_WARN_64_TO_32_BIT_CONVERSION = YES;
				GCC_WARN_ABOUT_RETURN_TYPE = YES_ERROR;
				GCC_WARN_UNDECLARED_SELECTOR = YES;
				GCC_WARN_UNINITIALIZED_AUTOS = YES_AGGRESSIVE;
				GCC_WARN_UNUSED_FUNCTION = YES;
				GCC_WARN_UNUSED_VARIABLE = YES;
				IPHONEOS_DEPLOYMENT_TARGET = 10.3;
				MTL_ENABLE_DEBUG_INFO = NO;
				SDKROOT = iphoneos;
				SWIFT_OPTIMIZATION_LEVEL = "-Owholemodule";
				VALIDATE_PRODUCT = YES;
			};
			name = Release;
		};
		E40109451F71C9980054E9E6 /* Debug */ = {
			isa = XCBuildConfiguration;
			baseConfigurationReference = 19F9DE507C8D5ABB40D1BA26 /* Pods-StudentsWhoCareApp.debug.xcconfig */;
			buildSettings = {
				ASSETCATALOG_COMPILER_APPICON_NAME = AppIcon;
				DEVELOPMENT_TEAM = FL3J93TK96;
				INFOPLIST_FILE = StudentsWhoCareApp/Info.plist;
				LD_RUNPATH_SEARCH_PATHS = "$(inherited) @executable_path/Frameworks";
				PRODUCT_BUNDLE_IDENTIFIER = com.RahulKumar.StudentsWhoCareApp;
				PRODUCT_NAME = "$(TARGET_NAME)";
				SWIFT_VERSION = 3.0;
			};
			name = Debug;
		};
		E40109461F71C9980054E9E6 /* Release */ = {
			isa = XCBuildConfiguration;
			baseConfigurationReference = E80A3644AB15AC53DB08B04E /* Pods-StudentsWhoCareApp.release.xcconfig */;
			buildSettings = {
				ASSETCATALOG_COMPILER_APPICON_NAME = AppIcon;
				DEVELOPMENT_TEAM = FL3J93TK96;
				INFOPLIST_FILE = StudentsWhoCareApp/Info.plist;
				LD_RUNPATH_SEARCH_PATHS = "$(inherited) @executable_path/Frameworks";
				PRODUCT_BUNDLE_IDENTIFIER = com.RahulKumar.StudentsWhoCareApp;
				PRODUCT_NAME = "$(TARGET_NAME)";
				SWIFT_VERSION = 3.0;
			};
			name = Release;
		};
		E40109481F71C9980054E9E6 /* Debug */ = {
			isa = XCBuildConfiguration;
			baseConfigurationReference = 17CD2719982C58C0FE55A292 /* Pods-StudentsWhoCareAppTests.debug.xcconfig */;
			buildSettings = {
				ALWAYS_EMBED_SWIFT_STANDARD_LIBRARIES = YES;
				BUNDLE_LOADER = "$(TEST_HOST)";
				DEVELOPMENT_TEAM = FL3J93TK96;
				INFOPLIST_FILE = StudentsWhoCareAppTests/Info.plist;
				LD_RUNPATH_SEARCH_PATHS = "$(inherited) @executable_path/Frameworks @loader_path/Frameworks";
				PRODUCT_BUNDLE_IDENTIFIER = com.RahulKumar.StudentsWhoCareAppTests;
				PRODUCT_NAME = "$(TARGET_NAME)";
				SWIFT_VERSION = 3.0;
				TEST_HOST = "$(BUILT_PRODUCTS_DIR)/StudentsWhoCareApp.app/StudentsWhoCareApp";
			};
			name = Debug;
		};
		E40109491F71C9980054E9E6 /* Release */ = {
			isa = XCBuildConfiguration;
			baseConfigurationReference = 8BCDCB5E4E93F7733C8B75A5 /* Pods-StudentsWhoCareAppTests.release.xcconfig */;
			buildSettings = {
				ALWAYS_EMBED_SWIFT_STANDARD_LIBRARIES = YES;
				BUNDLE_LOADER = "$(TEST_HOST)";
				DEVELOPMENT_TEAM = FL3J93TK96;
				INFOPLIST_FILE = StudentsWhoCareAppTests/Info.plist;
				LD_RUNPATH_SEARCH_PATHS = "$(inherited) @executable_path/Frameworks @loader_path/Frameworks";
				PRODUCT_BUNDLE_IDENTIFIER = com.RahulKumar.StudentsWhoCareAppTests;
				PRODUCT_NAME = "$(TARGET_NAME)";
				SWIFT_VERSION = 3.0;
				TEST_HOST = "$(BUILT_PRODUCTS_DIR)/StudentsWhoCareApp.app/StudentsWhoCareApp";
			};
			name = Release;
		};
		E401094B1F71C9980054E9E6 /* Debug */ = {
			isa = XCBuildConfiguration;
			baseConfigurationReference = 89A44C4ED4C48F4CF0EB5B89 /* Pods-StudentsWhoCareAppUITests.debug.xcconfig */;
			buildSettings = {
				ALWAYS_EMBED_SWIFT_STANDARD_LIBRARIES = YES;
				DEVELOPMENT_TEAM = FL3J93TK96;
				INFOPLIST_FILE = StudentsWhoCareAppUITests/Info.plist;
				LD_RUNPATH_SEARCH_PATHS = "$(inherited) @executable_path/Frameworks @loader_path/Frameworks";
				PRODUCT_BUNDLE_IDENTIFIER = com.RahulKumar.StudentsWhoCareAppUITests;
				PRODUCT_NAME = "$(TARGET_NAME)";
				SWIFT_VERSION = 3.0;
				TEST_TARGET_NAME = StudentsWhoCareApp;
			};
			name = Debug;
		};
		E401094C1F71C9980054E9E6 /* Release */ = {
			isa = XCBuildConfiguration;
			baseConfigurationReference = 007D15D385DEB0602B87D230 /* Pods-StudentsWhoCareAppUITests.release.xcconfig */;
			buildSettings = {
				ALWAYS_EMBED_SWIFT_STANDARD_LIBRARIES = YES;
				DEVELOPMENT_TEAM = FL3J93TK96;
				INFOPLIST_FILE = StudentsWhoCareAppUITests/Info.plist;
				LD_RUNPATH_SEARCH_PATHS = "$(inherited) @executable_path/Frameworks @loader_path/Frameworks";
				PRODUCT_BUNDLE_IDENTIFIER = com.RahulKumar.StudentsWhoCareAppUITests;
				PRODUCT_NAME = "$(TARGET_NAME)";
				SWIFT_VERSION = 3.0;
				TEST_TARGET_NAME = StudentsWhoCareApp;
			};
			name = Release;
		};
/* End XCBuildConfiguration section */

/* Begin XCConfigurationList section */
		E40109171F71C9980054E9E6 /* Build configuration list for PBXProject "StudentsWhoCareApp" */ = {
			isa = XCConfigurationList;
			buildConfigurations = (
				E40109421F71C9980054E9E6 /* Debug */,
				E40109431F71C9980054E9E6 /* Release */,
			);
			defaultConfigurationIsVisible = 0;
			defaultConfigurationName = Release;
		};
		E40109441F71C9980054E9E6 /* Build configuration list for PBXNativeTarget "StudentsWhoCareApp" */ = {
			isa = XCConfigurationList;
			buildConfigurations = (
				E40109451F71C9980054E9E6 /* Debug */,
				E40109461F71C9980054E9E6 /* Release */,
			);
			defaultConfigurationIsVisible = 0;
			defaultConfigurationName = Release;
		};
		E40109471F71C9980054E9E6 /* Build configuration list for PBXNativeTarget "StudentsWhoCareAppTests" */ = {
			isa = XCConfigurationList;
			buildConfigurations = (
				E40109481F71C9980054E9E6 /* Debug */,
				E40109491F71C9980054E9E6 /* Release */,
			);
			defaultConfigurationIsVisible = 0;
			defaultConfigurationName = Release;
		};
		E401094A1F71C9980054E9E6 /* Build configuration list for PBXNativeTarget "StudentsWhoCareAppUITests" */ = {
			isa = XCConfigurationList;
			buildConfigurations = (
				E401094B1F71C9980054E9E6 /* Debug */,
				E401094C1F71C9980054E9E6 /* Release */,
			);
			defaultConfigurationIsVisible = 0;
			defaultConfigurationName = Release;
		};
/* End XCConfigurationList section */
	};
	rootObject = E40109141F71C9980054E9E6 /* Project object */;
}
